
Microsoft Visual Studio Solution File, Format Version 12.00
# Visual Studio 14
VisualStudioVersion = 14.0.25420.1
MinimumVisualStudioVersion = 10.0.40219.1
Project("{FAE04EC0-301F-11D3-BF4B-00C04F79EFBC}") = "AuthNDecryptService", "AuthNDecryptService\AuthNDecryptService.csproj", "{C846EC1D-6E21-4447-B259-4530FDE57E6B}"
EndProject
Project("{FAE04EC0-301F-11D3-BF4B-00C04F79EFBC}") = "Decrypt", "Decrypt\Decrypt.csproj", "{443AFFCA-CEBF-47A2-9EF5-2F5627B6AFBF}"
EndProject
Global
	GlobalSection(SolutionConfigurationPlatforms) = preSolution
		Debug|Any CPU = Debug|Any CPU
		Release|Any CPU = Release|Any CPU
	EndGlobalSection
	GlobalSection(ProjectConfigurationPlatforms) = postSolution
		{C846EC1D-6E21-4447-B259-4530FDE57E6B}.Debug|Any CPU.ActiveCfg = Debug|Any CPU
		{C846EC1D-6E21-4447-B259-4530FDE57E6B}.Debug|Any CPU.Build.0 = Debug|Any CPU
		{C846EC1D-6E21-4447-B259-4530FDE57E6B}.Release|Any CPU.ActiveCfg = Release|Any CPU
		{C846EC1D-6E21-4447-B259-4530FDE57E6B}.Release|Any CPU.Build.0 = Release|Any CPU
		{443AFFCA-CEBF-47A2-9EF5-2F5627B6AFBF}.Debug|Any CPU.ActiveCfg = Debug|Any CPU
		{443AFFCA-CEBF-47A2-9EF5-2F5627B6AFBF}.Debug|Any CPU.Build.0 = Debug|Any CPU
		{443AFFCA-CEBF-47A2-9EF5-2F5627B6AFBF}.Release|Any CPU.ActiveCfg = Release|Any CPU
		{443AFFCA-CEBF-47A2-9EF5-2F5627B6AFBF}.Release|Any CPU.Build.0 = Release|Any CPU
	EndGlobalSection
	GlobalSection(SolutionProperties) = preSolution
		HideSolutionNode = FALSE
	EndGlobalSection
EndGlobal
